
Microsoft Visual Studio Solution File, Format Version 12.00
# Visual Studio Version 17
VisualStudioVersion = 17.14.36121.58
MinimumVisualStudioVersion = 10.0.40219.1
Project("{FAE04EC0-301F-11D3-BF4B-00C04F79EFBC}") = "Pango2D", "src\Pango2D\Pango2D.csproj", "{62EBE453-7EB7-4036-847B-148F2A17C61B}"
EndProject
Project("{FAE04EC0-301F-11D3-BF4B-00C04F79EFBC}") = "Demo", "samples\Demo\Demo.csproj", "{6571E399-1A0D-4AF9-994C-544BEE3E7AE3}"
EndProject
Project("{FAE04EC0-301F-11D3-BF4B-00C04F79EFBC}") = "Editor", "src\Editor\Editor.csproj", "{B03505D4-1C43-4863-A6D1-21F42D926251}"
EndProject
Project("{FAE04EC0-301F-11D3-BF4B-00C04F79EFBC}") = "PlatformerDemo", "samples\PlatformerDemo\PlatformerDemo.csproj", "{EA776F79-5466-4E08-93C6-2C00B90A3310}"
EndProject
Project("{FAE04EC0-301F-11D3-BF4B-00C04F79EFBC}") = "EffectEditor", "src\EffectEditor\EffectEditor.csproj", "{88E70D49-61E0-4142-8CB9-D88130905398}"
EndProject
Global
	GlobalSection(SolutionConfigurationPlatforms) = preSolution
		Debug|Any CPU = Debug|Any CPU
		Release|Any CPU = Release|Any CPU
	EndGlobalSection
	GlobalSection(ProjectConfigurationPlatforms) = postSolution
		{62EBE453-7EB7-4036-847B-148F2A17C61B}.Debug|Any CPU.ActiveCfg = Debug|Any CPU
		{62EBE453-7EB7-4036-847B-148F2A17C61B}.Debug|Any CPU.Build.0 = Debug|Any CPU
		{62EBE453-7EB7-4036-847B-148F2A17C61B}.Release|Any CPU.ActiveCfg = Release|Any CPU
		{62EBE453-7EB7-4036-847B-148F2A17C61B}.Release|Any CPU.Build.0 = Release|Any CPU
		{6571E399-1A0D-4AF9-994C-544BEE3E7AE3}.Debug|Any CPU.ActiveCfg = Debug|Any CPU
		{6571E399-1A0D-4AF9-994C-544BEE3E7AE3}.Debug|Any CPU.Build.0 = Debug|Any CPU
		{6571E399-1A0D-4AF9-994C-544BEE3E7AE3}.Release|Any CPU.ActiveCfg = Release|Any CPU
		{6571E399-1A0D-4AF9-994C-544BEE3E7AE3}.Release|Any CPU.Build.0 = Release|Any CPU
		{B03505D4-1C43-4863-A6D1-21F42D926251}.Debug|Any CPU.ActiveCfg = Debug|Any CPU
		{B03505D4-1C43-4863-A6D1-21F42D926251}.Debug|Any CPU.Build.0 = Debug|Any CPU
		{B03505D4-1C43-4863-A6D1-21F42D926251}.Release|Any CPU.ActiveCfg = Release|Any CPU
		{B03505D4-1C43-4863-A6D1-21F42D926251}.Release|Any CPU.Build.0 = Release|Any CPU
		{EA776F79-5466-4E08-93C6-2C00B90A3310}.Debug|Any CPU.ActiveCfg = Debug|Any CPU
		{EA776F79-5466-4E08-93C6-2C00B90A3310}.Debug|Any CPU.Build.0 = Debug|Any CPU
		{EA776F79-5466-4E08-93C6-2C00B90A3310}.Release|Any CPU.ActiveCfg = Release|Any CPU
		{EA776F79-5466-4E08-93C6-2C00B90A3310}.Release|Any CPU.Build.0 = Release|Any CPU
		{88E70D49-61E0-4142-8CB9-D88130905398}.Debug|Any CPU.ActiveCfg = Debug|Any CPU
		{88E70D49-61E0-4142-8CB9-D88130905398}.Debug|Any CPU.Build.0 = Debug|Any CPU
		{88E70D49-61E0-4142-8CB9-D88130905398}.Release|Any CPU.ActiveCfg = Release|Any CPU
		{88E70D49-61E0-4142-8CB9-D88130905398}.Release|Any CPU.Build.0 = Release|Any CPU
	EndGlobalSection
	GlobalSection(SolutionProperties) = preSolution
		HideSolutionNode = FALSE
	EndGlobalSection
	GlobalSection(ExtensibilityGlobals) = postSolution
		SolutionGuid = {EA8AAB6A-3ADC-4309-AC79-F7445546BF49}
	EndGlobalSection
EndGlobal
